
Microsoft Visual Studio Solution File, Format Version 12.00
# Visual Studio Version 17
VisualStudioVersion = 17.8.34330.188
MinimumVisualStudioVersion = 10.0.40219.1
Project("{FAE04EC0-301F-11D3-BF4B-00C04F79EFBC}") = "WcfService", "WcfService\WcfService.csproj", "{ECBF4AF7-41D2-4F93-BBCB-CCA8C6013141}"
EndProject
Project("{FAE04EC0-301F-11D3-BF4B-00C04F79EFBC}") = "WcfService.Contracts", "WcfService.Contracts\WcfService.Contracts.csproj", "{98D6E158-DCFD-4C94-9699-39FC21DFE7D2}"
EndProject
Project("{FAE04EC0-301F-11D3-BF4B-00C04F79EFBC}") = "WcfClientTestApp", "WcfClientTestApp\WcfClientTestApp.csproj", "{38B32C09-CA9A-42F8-8C4C-E89D99C2ACA9}"
EndProject
Project("{FAE04EC0-301F-11D3-BF4B-00C04F79EFBC}") = "WcfClientProxy", "WcfClientProxy\WcfClientProxy.csproj", "{8A32879F-E298-4A14-9DCE-BA9177E66FD0}"
EndProject
Project("{FAE04EC0-301F-11D3-BF4B-00C04F79EFBC}") = "WebApplication1", "WebApplication1\WebApplication1.csproj", "{80437FD4-EF99-4ED9-AB05-43F5013DD4D2}"
EndProject
Global
	GlobalSection(SolutionConfigurationPlatforms) = preSolution
		Debug|Any CPU = Debug|Any CPU
		Release|Any CPU = Release|Any CPU
	EndGlobalSection
	GlobalSection(ProjectConfigurationPlatforms) = postSolution
		{ECBF4AF7-41D2-4F93-BBCB-CCA8C6013141}.Debug|Any CPU.ActiveCfg = Debug|Any CPU
		{ECBF4AF7-41D2-4F93-BBCB-CCA8C6013141}.Debug|Any CPU.Build.0 = Debug|Any CPU
		{ECBF4AF7-41D2-4F93-BBCB-CCA8C6013141}.Release|Any CPU.ActiveCfg = Release|Any CPU
		{ECBF4AF7-41D2-4F93-BBCB-CCA8C6013141}.Release|Any CPU.Build.0 = Release|Any CPU
		{98D6E158-DCFD-4C94-9699-39FC21DFE7D2}.Debug|Any CPU.ActiveCfg = Debug|Any CPU
		{98D6E158-DCFD-4C94-9699-39FC21DFE7D2}.Debug|Any CPU.Build.0 = Debug|Any CPU
		{98D6E158-DCFD-4C94-9699-39FC21DFE7D2}.Release|Any CPU.ActiveCfg = Release|Any CPU
		{98D6E158-DCFD-4C94-9699-39FC21DFE7D2}.Release|Any CPU.Build.0 = Release|Any CPU
		{38B32C09-CA9A-42F8-8C4C-E89D99C2ACA9}.Debug|Any CPU.ActiveCfg = Debug|Any CPU
		{38B32C09-CA9A-42F8-8C4C-E89D99C2ACA9}.Debug|Any CPU.Build.0 = Debug|Any CPU
		{38B32C09-CA9A-42F8-8C4C-E89D99C2ACA9}.Release|Any CPU.ActiveCfg = Release|Any CPU
		{38B32C09-CA9A-42F8-8C4C-E89D99C2ACA9}.Release|Any CPU.Build.0 = Release|Any CPU
		{8A32879F-E298-4A14-9DCE-BA9177E66FD0}.Debug|Any CPU.ActiveCfg = Debug|Any CPU
		{8A32879F-E298-4A14-9DCE-BA9177E66FD0}.Debug|Any CPU.Build.0 = Debug|Any CPU
		{8A32879F-E298-4A14-9DCE-BA9177E66FD0}.Release|Any CPU.ActiveCfg = Release|Any CPU
		{8A32879F-E298-4A14-9DCE-BA9177E66FD0}.Release|Any CPU.Build.0 = Release|Any CPU
		{80437FD4-EF99-4ED9-AB05-43F5013DD4D2}.Debug|Any CPU.ActiveCfg = Debug|Any CPU
		{80437FD4-EF99-4ED9-AB05-43F5013DD4D2}.Debug|Any CPU.Build.0 = Debug|Any CPU
		{80437FD4-EF99-4ED9-AB05-43F5013DD4D2}.Release|Any CPU.ActiveCfg = Release|Any CPU
		{80437FD4-EF99-4ED9-AB05-43F5013DD4D2}.Release|Any CPU.Build.0 = Release|Any CPU
	EndGlobalSection
	GlobalSection(SolutionProperties) = preSolution
		HideSolutionNode = FALSE
	EndGlobalSection
	GlobalSection(ExtensibilityGlobals) = postSolution
		SolutionGuid = {C8C05710-CCF5-47E3-A081-DBC46ADE9A82}
	EndGlobalSection
EndGlobal
